
Microsoft Visual Studio Solution File, Format Version 12.00
# Visual Studio Version 16
VisualStudioVersion = 16.0.31624.102
MinimumVisualStudioVersion = 10.0.40219.1
Project("{FAE04EC0-301F-11D3-BF4B-00C04F79EFBC}") = "RainbowSchool", "RainbowSchool\RainbowSchool.csproj", "{42548016-CBCB-404B-8419-E413ED58E448}"
EndProject
Global
	GlobalSection(SolutionConfigurationPlatforms) = preSolution
		Debug|Any CPU = Debug|Any CPU
		Release|Any CPU = Release|Any CPU
	EndGlobalSection
	GlobalSection(ProjectConfigurationPlatforms) = postSolution
		{42548016-CBCB-404B-8419-E413ED58E448}.Debug|Any CPU.ActiveCfg = Debug|Any CPU
		{42548016-CBCB-404B-8419-E413ED58E448}.Debug|Any CPU.Build.0 = Debug|Any CPU
		{42548016-CBCB-404B-8419-E413ED58E448}.Release|Any CPU.ActiveCfg = Release|Any CPU
		{42548016-CBCB-404B-8419-E413ED58E448}.Release|Any CPU.Build.0 = Release|Any CPU
	EndGlobalSection
	GlobalSection(SolutionProperties) = preSolution
		HideSolutionNode = FALSE
	EndGlobalSection
	GlobalSection(ExtensibilityGlobals) = postSolution
		SolutionGuid = {992CB08D-CA7E-4BF7-B8CC-DDC4B7778622}
	EndGlobalSection
EndGlobal
